
Microsoft Visual Studio Solution File, Format Version 12.00
# Visual Studio Version 18
VisualStudioVersion = 18.4.11612.150
MinimumVisualStudioVersion = 10.0.40219.1
Project("{FAE04EC0-301F-11D3-BF4B-00C04F79EFBC}") = "OmdbApi", "OmdbApi\OmdbApi.csproj", "{F388BC94-10C1-AE84-8E90-4DA377FDD3F0}"
EndProject
Project("{FAE04EC0-301F-11D3-BF4B-00C04F79EFBC}") = "OmdbWorkerService", "OmdbWorkerService\OmdbWorkerService.csproj", "{2F054B32-C0D9-523A-6F32-658159D28F1B}"
EndProject
Project("{2150E333-8FDC-42A3-9474-1A3956D46DE8}") = "repo", "repo", "{DCBAFC53-8B60-4F22-B2E2-B4CC7393B197}"
	ProjectSection(SolutionItems) = preProject
		repo\Omdb.db = repo\Omdb.db
	EndProjectSection
EndProject
Global
	GlobalSection(SolutionConfigurationPlatforms) = preSolution
		Debug|Any CPU = Debug|Any CPU
		Release|Any CPU = Release|Any CPU
	EndGlobalSection
	GlobalSection(ProjectConfigurationPlatforms) = postSolution
		{F388BC94-10C1-AE84-8E90-4DA377FDD3F0}.Debug|Any CPU.ActiveCfg = Debug|Any CPU
		{F388BC94-10C1-AE84-8E90-4DA377FDD3F0}.Debug|Any CPU.Build.0 = Debug|Any CPU
		{F388BC94-10C1-AE84-8E90-4DA377FDD3F0}.Release|Any CPU.ActiveCfg = Release|Any CPU
		{F388BC94-10C1-AE84-8E90-4DA377FDD3F0}.Release|Any CPU.Build.0 = Release|Any CPU
		{2F054B32-C0D9-523A-6F32-658159D28F1B}.Debug|Any CPU.ActiveCfg = Debug|Any CPU
		{2F054B32-C0D9-523A-6F32-658159D28F1B}.Debug|Any CPU.Build.0 = Debug|Any CPU
		{2F054B32-C0D9-523A-6F32-658159D28F1B}.Release|Any CPU.ActiveCfg = Release|Any CPU
		{2F054B32-C0D9-523A-6F32-658159D28F1B}.Release|Any CPU.Build.0 = Release|Any CPU
	EndGlobalSection
	GlobalSection(SolutionProperties) = preSolution
		HideSolutionNode = FALSE
	EndGlobalSection
	GlobalSection(ExtensibilityGlobals) = postSolution
		SolutionGuid = {19661690-E367-455D-87FB-6E30BFB8F182}
	EndGlobalSection
EndGlobal
